
Microsoft Visual Studio Solution File, Format Version 12.00
# Visual Studio Version 17
VisualStudioVersion = 17.10.34916.146
MinimumVisualStudioVersion = 10.0.40219.1
Project("{2150E333-8FDC-42A3-9474-1A3956D46DE8}") = "API", "API", "{A4D3D22B-74F2-4024-97FE-15697BBF849F}"
EndProject
Project("{2150E333-8FDC-42A3-9474-1A3956D46DE8}") = "Application", "Application", "{93DEB526-5457-43FB-A763-A0DD73C56AA9}"
EndProject
Project("{2150E333-8FDC-42A3-9474-1A3956D46DE8}") = "Domain", "Domain", "{1533F1DA-3A5D-489A-BFCB-321AD7579EE3}"
EndProject
Project("{2150E333-8FDC-42A3-9474-1A3956D46DE8}") = "Infraestructure", "Infraestructure", "{8F0C2163-ED5E-449F-9CC3-5AB3586CC66E}"
EndProject
Project("{9A19103F-16F7-4668-BE54-9A1E7A4F7556}") = "Poliedro.Billing.Api", "Poliedro.Billing.Api\Poliedro.Billing.Api.csproj", "{BC552182-B276-4543-9612-CE7284503C78}"
EndProject
Project("{9A19103F-16F7-4668-BE54-9A1E7A4F7556}") = "Poliedro.Billing.Application", "Poliedro.Billing.Application\Poliedro.Billing.Application.csproj", "{C008E4B2-A1AD-4515-BB7D-D206003C6C47}"
EndProject
Project("{9A19103F-16F7-4668-BE54-9A1E7A4F7556}") = "Poliedro.Billing.Domain", "Poliedro.Billing.Domain\Poliedro.Billing.Domain.csproj", "{52DDBD2D-4388-4A6D-AA4C-564AB5E78942}"
EndProject
Project("{2150E333-8FDC-42A3-9474-1A3956D46DE8}") = "Persistence", "Persistence", "{0E8664E0-946D-402D-B176-E302D08148A0}"
EndProject
Project("{2150E333-8FDC-42A3-9474-1A3956D46DE8}") = "External", "External", "{37D6279A-7AD2-4EB6-A9FB-BB2B1EC3E7F5}"
EndProject
Project("{2150E333-8FDC-42A3-9474-1A3956D46DE8}") = "Mysql", "Mysql", "{A93693CB-BA3C-43DF-A18F-EF864BA5925B}"
EndProject
Project("{9A19103F-16F7-4668-BE54-9A1E7A4F7556}") = "Poliedro.Billing.Infraestructure.Persistence.Mysql", "Poliedro.Billing.Infraestructure.Persistence.Mysql\Poliedro.Billing.Infraestructure.Persistence.Mysql.csproj", "{88FF2EC0-3ECB-47F3-83BC-50B75BD05D39}"
EndProject
Project("{9A19103F-16F7-4668-BE54-9A1E7A4F7556}") = "Poliedro.Billing.Api.Tests", "Poliedro.Billing.Api.Tests\Poliedro.Billing.Api.Tests.csproj", "{112EDF2F-83CE-40D7-A130-315F392B14C7}"
EndProject
Project("{9A19103F-16F7-4668-BE54-9A1E7A4F7556}") = "Poliedro.Billing.Domain.Test", "Poliedro.Billing.Domain.Test\Poliedro.Billing.Domain.Test.csproj", "{70ED284B-4B0E-4463-889D-AEE5177B014A}"
EndProject
Project("{2150E333-8FDC-42A3-9474-1A3956D46DE8}") = "Resources", "Resources", "{0F8D50C8-24C8-4DDC-BCBD-2FABCB6BF69D}"
	ProjectSection(SolutionItems) = preProject
		Poliedro.Billing.Infraestructure.Persistence.Mysql\MessageProviderResource.Designer.cs = Poliedro.Billing.Infraestructure.Persistence.Mysql\MessageProviderResource.Designer.cs
		Poliedro.Billing.Infraestructure.Persistence.Mysql\MessageProviderResource.resx = Poliedro.Billing.Infraestructure.Persistence.Mysql\MessageProviderResource.resx
	EndProjectSection
EndProject
Project("{2150E333-8FDC-42A3-9474-1A3956D46DE8}") = "Workers", "Workers", "{B0989FC2-A30D-4739-A936-DF64FE7618BF}"
EndProject
Project("{9A19103F-16F7-4668-BE54-9A1E7A4F7556}") = "WorkerServiceBilling", "WorkerServiceBilling\WorkerServiceBilling.csproj", "{6CAACDB9-F71D-4CB6-9CBA-746EF0CE0D8A}"
EndProject
Global
	GlobalSection(SolutionConfigurationPlatforms) = preSolution
		Debug|Any CPU = Debug|Any CPU
		Release|Any CPU = Release|Any CPU
	EndGlobalSection
	GlobalSection(ProjectConfigurationPlatforms) = postSolution
		{BC552182-B276-4543-9612-CE7284503C78}.Debug|Any CPU.ActiveCfg = Debug|Any CPU
		{BC552182-B276-4543-9612-CE7284503C78}.Debug|Any CPU.Build.0 = Debug|Any CPU
		{BC552182-B276-4543-9612-CE7284503C78}.Release|Any CPU.ActiveCfg = Release|Any CPU
		{BC552182-B276-4543-9612-CE7284503C78}.Release|Any CPU.Build.0 = Release|Any CPU
		{C008E4B2-A1AD-4515-BB7D-D206003C6C47}.Debug|Any CPU.ActiveCfg = Debug|Any CPU
		{C008E4B2-A1AD-4515-BB7D-D206003C6C47}.Debug|Any CPU.Build.0 = Debug|Any CPU
		{C008E4B2-A1AD-4515-BB7D-D206003C6C47}.Release|Any CPU.ActiveCfg = Release|Any CPU
		{C008E4B2-A1AD-4515-BB7D-D206003C6C47}.Release|Any CPU.Build.0 = Release|Any CPU
		{52DDBD2D-4388-4A6D-AA4C-564AB5E78942}.Debug|Any CPU.ActiveCfg = Debug|Any CPU
		{52DDBD2D-4388-4A6D-AA4C-564AB5E78942}.Debug|Any CPU.Build.0 = Debug|Any CPU
		{52DDBD2D-4388-4A6D-AA4C-564AB5E78942}.Release|Any CPU.ActiveCfg = Release|Any CPU
		{52DDBD2D-4388-4A6D-AA4C-564AB5E78942}.Release|Any CPU.Build.0 = Release|Any CPU
		{88FF2EC0-3ECB-47F3-83BC-50B75BD05D39}.Debug|Any CPU.ActiveCfg = Debug|Any CPU
		{88FF2EC0-3ECB-47F3-83BC-50B75BD05D39}.Debug|Any CPU.Build.0 = Debug|Any CPU
		{88FF2EC0-3ECB-47F3-83BC-50B75BD05D39}.Release|Any CPU.ActiveCfg = Release|Any CPU
		{88FF2EC0-3ECB-47F3-83BC-50B75BD05D39}.Release|Any CPU.Build.0 = Release|Any CPU
		{112EDF2F-83CE-40D7-A130-315F392B14C7}.Debug|Any CPU.ActiveCfg = Debug|Any CPU
		{112EDF2F-83CE-40D7-A130-315F392B14C7}.Debug|Any CPU.Build.0 = Debug|Any CPU
		{112EDF2F-83CE-40D7-A130-315F392B14C7}.Release|Any CPU.ActiveCfg = Release|Any CPU
		{112EDF2F-83CE-40D7-A130-315F392B14C7}.Release|Any CPU.Build.0 = Release|Any CPU
		{70ED284B-4B0E-4463-889D-AEE5177B014A}.Debug|Any CPU.ActiveCfg = Debug|Any CPU
		{70ED284B-4B0E-4463-889D-AEE5177B014A}.Debug|Any CPU.Build.0 = Debug|Any CPU
		{70ED284B-4B0E-4463-889D-AEE5177B014A}.Release|Any CPU.ActiveCfg = Release|Any CPU
		{70ED284B-4B0E-4463-889D-AEE5177B014A}.Release|Any CPU.Build.0 = Release|Any CPU
		{6CAACDB9-F71D-4CB6-9CBA-746EF0CE0D8A}.Debug|Any CPU.ActiveCfg = Debug|Any CPU
		{6CAACDB9-F71D-4CB6-9CBA-746EF0CE0D8A}.Debug|Any CPU.Build.0 = Debug|Any CPU
		{6CAACDB9-F71D-4CB6-9CBA-746EF0CE0D8A}.Release|Any CPU.ActiveCfg = Release|Any CPU
		{6CAACDB9-F71D-4CB6-9CBA-746EF0CE0D8A}.Release|Any CPU.Build.0 = Release|Any CPU
	EndGlobalSection
	GlobalSection(SolutionProperties) = preSolution
		HideSolutionNode = FALSE
	EndGlobalSection
	GlobalSection(NestedProjects) = preSolution
		{BC552182-B276-4543-9612-CE7284503C78} = {A4D3D22B-74F2-4024-97FE-15697BBF849F}
		{C008E4B2-A1AD-4515-BB7D-D206003C6C47} = {93DEB526-5457-43FB-A763-A0DD73C56AA9}
		{52DDBD2D-4388-4A6D-AA4C-564AB5E78942} = {1533F1DA-3A5D-489A-BFCB-321AD7579EE3}
		{0E8664E0-946D-402D-B176-E302D08148A0} = {8F0C2163-ED5E-449F-9CC3-5AB3586CC66E}
		{37D6279A-7AD2-4EB6-A9FB-BB2B1EC3E7F5} = {8F0C2163-ED5E-449F-9CC3-5AB3586CC66E}
		{A93693CB-BA3C-43DF-A18F-EF864BA5925B} = {0E8664E0-946D-402D-B176-E302D08148A0}
		{88FF2EC0-3ECB-47F3-83BC-50B75BD05D39} = {A93693CB-BA3C-43DF-A18F-EF864BA5925B}
		{112EDF2F-83CE-40D7-A130-315F392B14C7} = {A4D3D22B-74F2-4024-97FE-15697BBF849F}
		{70ED284B-4B0E-4463-889D-AEE5177B014A} = {1533F1DA-3A5D-489A-BFCB-321AD7579EE3}
		{0F8D50C8-24C8-4DDC-BCBD-2FABCB6BF69D} = {8F0C2163-ED5E-449F-9CC3-5AB3586CC66E}
		{B0989FC2-A30D-4739-A936-DF64FE7618BF} = {8F0C2163-ED5E-449F-9CC3-5AB3586CC66E}
		{6CAACDB9-F71D-4CB6-9CBA-746EF0CE0D8A} = {B0989FC2-A30D-4739-A936-DF64FE7618BF}
	EndGlobalSection
	GlobalSection(ExtensibilityGlobals) = postSolution
		SolutionGuid = {6A82B1A5-6565-4330-90EC-FBC001E78304}
	EndGlobalSection
EndGlobal
